
Microsoft Visual Studio Solution File, Format Version 12.00
# Visual Studio Version 17
VisualStudioVersion = 17.1.32210.238
MinimumVisualStudioVersion = 10.0.40219.1
Project("{FAE04EC0-301F-11D3-BF4B-00C04F79EFBC}") = "modul3_1302200119", "modul3_1302200119\modul3_1302200119.csproj", "{AFB44590-11F5-4926-900B-0351BA7F9979}"
EndProject
Global
	GlobalSection(SolutionConfigurationPlatforms) = preSolution
		Debug|Any CPU = Debug|Any CPU
		Release|Any CPU = Release|Any CPU
	EndGlobalSection
	GlobalSection(ProjectConfigurationPlatforms) = postSolution
		{AFB44590-11F5-4926-900B-0351BA7F9979}.Debug|Any CPU.ActiveCfg = Debug|Any CPU
		{AFB44590-11F5-4926-900B-0351BA7F9979}.Debug|Any CPU.Build.0 = Debug|Any CPU
		{AFB44590-11F5-4926-900B-0351BA7F9979}.Release|Any CPU.ActiveCfg = Release|Any CPU
		{AFB44590-11F5-4926-900B-0351BA7F9979}.Release|Any CPU.Build.0 = Release|Any CPU
	EndGlobalSection
	GlobalSection(SolutionProperties) = preSolution
		HideSolutionNode = FALSE
	EndGlobalSection
	GlobalSection(ExtensibilityGlobals) = postSolution
		SolutionGuid = {6F42B474-1191-4147-8ABF-AD33710118C1}
	EndGlobalSection
EndGlobal
